PODS:
  - ZXCategories (0.2.0):
    - ZXCategories/Foundation (= 0.2.0)
    - ZXCategories/UIKit (= 0.2.0)
  - ZXCategories/Foundation (0.2.0)
  - ZXCategories/UIKit (0.2.0)

DEPENDENCIES:
  - ZXCategories (from `../`)

EXTERNAL SOURCES:
  ZXCategories:
    :path: ../

SPEC CHECKSUMS:
  ZXCategories: 8acad2dbd8ecec2dcd9918bb811aa7f5473822a7

PODFILE CHECKSUM: fc2a8118b71366b0040cfd26ddbf6b3b4b56d756

COCOAPODS: 1.2.1
