PODS:
  - ZXCategories (0.1.0):
    - ZXCategories/UIView (= 0.1.0)
  - ZXCategories/UIView (0.1.0)

DEPENDENCIES:
  - ZXCategories (from `../`)

EXTERNAL SOURCES:
  ZXCategories:
    :path: ../

SPEC CHECKSUMS:
  ZXCategories: d8c6da3afd3bb0c8497a19c21208ccdea95948f9

PODFILE CHECKSUM: fc2a8118b71366b0040cfd26ddbf6b3b4b56d756

COCOAPODS: 1.2.1
