PODS:
  - ZXCategories (0.3.5):
    - ZXCategories/Foundation (= 0.3.5)
    - ZXCategories/UIKit (= 0.3.5)
  - ZXCategories/Foundation (0.3.5)
  - ZXCategories/UIKit (0.3.5)

DEPENDENCIES:
  - ZXCategories (from `../`)

EXTERNAL SOURCES:
  ZXCategories:
    :path: "../"

SPEC CHECKSUMS:
  ZXCategories: 4916cedfce7f8f583f270576dd9f7cd687dd11a2

PODFILE CHECKSUM: fc2a8118b71366b0040cfd26ddbf6b3b4b56d756

COCOAPODS: 1.6.1
